
Microsoft Visual Studio Solution File, Format Version 12.00
# Visual Studio Version 17
VisualStudioVersion = 17.0.31903.59
MinimumVisualStudioVersion = 10.0.40219.1
Project("{2150E333-8FDC-42A3-9474-1A3956D46DE8}") = "src", "src", "{827E0CD3-B72D-47B6-A68D-7590B98EB39B}"
EndProject
Project("{FAE04EC0-301F-11D3-BF4B-00C04F79EFBC}") = "MainForge.Core", "src\MainForge.Core\MainForge.Core.csproj", "{7B5B9BC3-F96A-4771-A516-08750F17E42C}"
EndProject
Project("{FAE04EC0-301F-11D3-BF4B-00C04F79EFBC}") = "MainForge.Claude", "src\MainForge.Claude\MainForge.Claude.csproj", "{2E9E74B0-4F0E-40C0-8EE1-0E30F82143B3}"
EndProject
Project("{FAE04EC0-301F-11D3-BF4B-00C04F79EFBC}") = "MainForge.Tools", "src\MainForge.Tools\MainForge.Tools.csproj", "{E7F0B3D6-D00E-441D-86E3-736812E712C8}"
EndProject
Project("{FAE04EC0-301F-11D3-BF4B-00C04F79EFBC}") = "MainForge.Agents", "src\MainForge.Agents\MainForge.Agents.csproj", "{7C7D8775-E2C8-4ECB-99C4-E1319CDEAE45}"
EndProject
Project("{FAE04EC0-301F-11D3-BF4B-00C04F79EFBC}") = "MainForge.App", "src\MainForge.App\MainForge.App.csproj", "{7821DDE8-EDAF-47E0-86B4-5D1DEB298EE5}"
EndProject
Project("{2150E333-8FDC-42A3-9474-1A3956D46DE8}") = "tests", "tests", "{0AB3BF05-4346-4AA6-1389-037BE0695223}"
EndProject
Project("{FAE04EC0-301F-11D3-BF4B-00C04F79EFBC}") = "MainForge.Tests", "tests\MainForge.Tests\MainForge.Tests.csproj", "{D3CD097B-E04B-49CF-8754-76D914832134}"
EndProject
Project("{FAE04EC0-301F-11D3-BF4B-00C04F79EFBC}") = "MainForge.Cli", "src\MainForge.Cli\MainForge.Cli.csproj", "{2EE50848-F729-4D09-AA4E-C6165729A95C}"
EndProject
Global
	GlobalSection(SolutionConfigurationPlatforms) = preSolution
		Debug|Any CPU = Debug|Any CPU
		Debug|x64 = Debug|x64
		Debug|x86 = Debug|x86
		Release|Any CPU = Release|Any CPU
		Release|x64 = Release|x64
		Release|x86 = Release|x86
	EndGlobalSection
	GlobalSection(ProjectConfigurationPlatforms) = postSolution
		{7B5B9BC3-F96A-4771-A516-08750F17E42C}.Debug|Any CPU.ActiveCfg = Debug|Any CPU
		{7B5B9BC3-F96A-4771-A516-08750F17E42C}.Debug|Any CPU.Build.0 = Debug|Any CPU
		{7B5B9BC3-F96A-4771-A516-08750F17E42C}.Debug|x64.ActiveCfg = Debug|Any CPU
		{7B5B9BC3-F96A-4771-A516-08750F17E42C}.Debug|x64.Build.0 = Debug|Any CPU
		{7B5B9BC3-F96A-4771-A516-08750F17E42C}.Debug|x86.ActiveCfg = Debug|Any CPU
		{7B5B9BC3-F96A-4771-A516-08750F17E42C}.Debug|x86.Build.0 = Debug|Any CPU
		{7B5B9BC3-F96A-4771-A516-08750F17E42C}.Release|Any CPU.ActiveCfg = Release|Any CPU
		{7B5B9BC3-F96A-4771-A516-08750F17E42C}.Release|Any CPU.Build.0 = Release|Any CPU
		{7B5B9BC3-F96A-4771-A516-08750F17E42C}.Release|x64.ActiveCfg = Release|Any CPU
		{7B5B9BC3-F96A-4771-A516-08750F17E42C}.Release|x64.Build.0 = Release|Any CPU
		{7B5B9BC3-F96A-4771-A516-08750F17E42C}.Release|x86.ActiveCfg = Release|Any CPU
		{7B5B9BC3-F96A-4771-A516-08750F17E42C}.Release|x86.Build.0 = Release|Any CPU
		{2E9E74B0-4F0E-40C0-8EE1-0E30F82143B3}.Debug|Any CPU.ActiveCfg = Debug|Any CPU
		{2E9E74B0-4F0E-40C0-8EE1-0E30F82143B3}.Debug|Any CPU.Build.0 = Debug|Any CPU
		{2E9E74B0-4F0E-40C0-8EE1-0E30F82143B3}.Debug|x64.ActiveCfg = Debug|Any CPU
		{2E9E74B0-4F0E-40C0-8EE1-0E30F82143B3}.Debug|x64.Build.0 = Debug|Any CPU
		{2E9E74B0-4F0E-40C0-8EE1-0E30F82143B3}.Debug|x86.ActiveCfg = Debug|Any CPU
		{2E9E74B0-4F0E-40C0-8EE1-0E30F82143B3}.Debug|x86.Build.0 = Debug|Any CPU
		{2E9E74B0-4F0E-40C0-8EE1-0E30F82143B3}.Release|Any CPU.ActiveCfg = Release|Any CPU
		{2E9E74B0-4F0E-40C0-8EE1-0E30F82143B3}.Release|Any CPU.Build.0 = Release|Any CPU
		{2E9E74B0-4F0E-40C0-8EE1-0E30F82143B3}.Release|x64.ActiveCfg = Release|Any CPU
		{2E9E74B0-4F0E-40C0-8EE1-0E30F82143B3}.Release|x64.Build.0 = Release|Any CPU
		{2E9E74B0-4F0E-40C0-8EE1-0E30F82143B3}.Release|x86.ActiveCfg = Release|Any CPU
		{2E9E74B0-4F0E-40C0-8EE1-0E30F82143B3}.Release|x86.Build.0 = Release|Any CPU
		{E7F0B3D6-D00E-441D-86E3-736812E712C8}.Debug|Any CPU.ActiveCfg = Debug|Any CPU
		{E7F0B3D6-D00E-441D-86E3-736812E712C8}.Debug|Any CPU.Build.0 = Debug|Any CPU
		{E7F0B3D6-D00E-441D-86E3-736812E712C8}.Debug|x64.ActiveCfg = Debug|Any CPU
		{E7F0B3D6-D00E-441D-86E3-736812E712C8}.Debug|x64.Build.0 = Debug|Any CPU
		{E7F0B3D6-D00E-441D-86E3-736812E712C8}.Debug|x86.ActiveCfg = Debug|Any CPU
		{E7F0B3D6-D00E-441D-86E3-736812E712C8}.Debug|x86.Build.0 = Debug|Any CPU
		{E7F0B3D6-D00E-441D-86E3-736812E712C8}.Release|Any CPU.ActiveCfg = Release|Any CPU
		{E7F0B3D6-D00E-441D-86E3-736812E712C8}.Release|Any CPU.Build.0 = Release|Any CPU
		{E7F0B3D6-D00E-441D-86E3-736812E712C8}.Release|x64.ActiveCfg = Release|Any CPU
		{E7F0B3D6-D00E-441D-86E3-736812E712C8}.Release|x64.Build.0 = Release|Any CPU
		{E7F0B3D6-D00E-441D-86E3-736812E712C8}.Release|x86.ActiveCfg = Release|Any CPU
		{E7F0B3D6-D00E-441D-86E3-736812E712C8}.Release|x86.Build.0 = Release|Any CPU
		{7C7D8775-E2C8-4ECB-99C4-E1319CDEAE45}.Debug|Any CPU.ActiveCfg = Debug|Any CPU
		{7C7D8775-E2C8-4ECB-99C4-E1319CDEAE45}.Debug|Any CPU.Build.0 = Debug|Any CPU
		{7C7D8775-E2C8-4ECB-99C4-E1319CDEAE45}.Debug|x64.ActiveCfg = Debug|Any CPU
		{7C7D8775-E2C8-4ECB-99C4-E1319CDEAE45}.Debug|x64.Build.0 = Debug|Any CPU
		{7C7D8775-E2C8-4ECB-99C4-E1319CDEAE45}.Debug|x86.ActiveCfg = Debug|Any CPU
		{7C7D8775-E2C8-4ECB-99C4-E1319CDEAE45}.Debug|x86.Build.0 = Debug|Any CPU
		{7C7D8775-E2C8-4ECB-99C4-E1319CDEAE45}.Release|Any CPU.ActiveCfg = Release|Any CPU
		{7C7D8775-E2C8-4ECB-99C4-E1319CDEAE45}.Release|Any CPU.Build.0 = Release|Any CPU
		{7C7D8775-E2C8-4ECB-99C4-E1319CDEAE45}.Release|x64.ActiveCfg = Release|Any CPU
		{7C7D8775-E2C8-4ECB-99C4-E1319CDEAE45}.Release|x64.Build.0 = Release|Any CPU
		{7C7D8775-E2C8-4ECB-99C4-E1319CDEAE45}.Release|x86.ActiveCfg = Release|Any CPU
		{7C7D8775-E2C8-4ECB-99C4-E1319CDEAE45}.Release|x86.Build.0 = Release|Any CPU
		{7821DDE8-EDAF-47E0-86B4-5D1DEB298EE5}.Debug|Any CPU.ActiveCfg = Debug|Any CPU
		{7821DDE8-EDAF-47E0-86B4-5D1DEB298EE5}.Debug|Any CPU.Build.0 = Debug|Any CPU
		{7821DDE8-EDAF-47E0-86B4-5D1DEB298EE5}.Debug|x64.ActiveCfg = Debug|Any CPU
		{7821DDE8-EDAF-47E0-86B4-5D1DEB298EE5}.Debug|x64.Build.0 = Debug|Any CPU
		{7821DDE8-EDAF-47E0-86B4-5D1DEB298EE5}.Debug|x86.ActiveCfg = Debug|Any CPU
		{7821DDE8-EDAF-47E0-86B4-5D1DEB298EE5}.Debug|x86.Build.0 = Debug|Any CPU
		{7821DDE8-EDAF-47E0-86B4-5D1DEB298EE5}.Release|Any CPU.ActiveCfg = Release|Any CPU
		{7821DDE8-EDAF-47E0-86B4-5D1DEB298EE5}.Release|Any CPU.Build.0 = Release|Any CPU
		{7821DDE8-EDAF-47E0-86B4-5D1DEB298EE5}.Release|x64.ActiveCfg = Release|Any CPU
		{7821DDE8-EDAF-47E0-86B4-5D1DEB298EE5}.Release|x64.Build.0 = Release|Any CPU
		{7821DDE8-EDAF-47E0-86B4-5D1DEB298EE5}.Release|x86.ActiveCfg = Release|Any CPU
		{7821DDE8-EDAF-47E0-86B4-5D1DEB298EE5}.Release|x86.Build.0 = Release|Any CPU
		{D3CD097B-E04B-49CF-8754-76D914832134}.Debug|Any CPU.ActiveCfg = Debug|Any CPU
		{D3CD097B-E04B-49CF-8754-76D914832134}.Debug|Any CPU.Build.0 = Debug|Any CPU
		{D3CD097B-E04B-49CF-8754-76D914832134}.Debug|x64.ActiveCfg = Debug|Any CPU
		{D3CD097B-E04B-49CF-8754-76D914832134}.Debug|x64.Build.0 = Debug|Any CPU
		{D3CD097B-E04B-49CF-8754-76D914832134}.Debug|x86.ActiveCfg = Debug|Any CPU
		{D3CD097B-E04B-49CF-8754-76D914832134}.Debug|x86.Build.0 = Debug|Any CPU
		{D3CD097B-E04B-49CF-8754-76D914832134}.Release|Any CPU.ActiveCfg = Release|Any CPU
		{D3CD097B-E04B-49CF-8754-76D914832134}.Release|Any CPU.Build.0 = Release|Any CPU
		{D3CD097B-E04B-49CF-8754-76D914832134}.Release|x64.ActiveCfg = Release|Any CPU
		{D3CD097B-E04B-49CF-8754-76D914832134}.Release|x64.Build.0 = Release|Any CPU
		{D3CD097B-E04B-49CF-8754-76D914832134}.Release|x86.ActiveCfg = Release|Any CPU
		{D3CD097B-E04B-49CF-8754-76D914832134}.Release|x86.Build.0 = Release|Any CPU
		{2EE50848-F729-4D09-AA4E-C6165729A95C}.Debug|Any CPU.ActiveCfg = Debug|Any CPU
		{2EE50848-F729-4D09-AA4E-C6165729A95C}.Debug|Any CPU.Build.0 = Debug|Any CPU
		{2EE50848-F729-4D09-AA4E-C6165729A95C}.Debug|x64.ActiveCfg = Debug|Any CPU
		{2EE50848-F729-4D09-AA4E-C6165729A95C}.Debug|x64.Build.0 = Debug|Any CPU
		{2EE50848-F729-4D09-AA4E-C6165729A95C}.Debug|x86.ActiveCfg = Debug|Any CPU
		{2EE50848-F729-4D09-AA4E-C6165729A95C}.Debug|x86.Build.0 = Debug|Any CPU
		{2EE50848-F729-4D09-AA4E-C6165729A95C}.Release|Any CPU.ActiveCfg = Release|Any CPU
		{2EE50848-F729-4D09-AA4E-C6165729A95C}.Release|Any CPU.Build.0 = Release|Any CPU
		{2EE50848-F729-4D09-AA4E-C6165729A95C}.Release|x64.ActiveCfg = Release|Any CPU
		{2EE50848-F729-4D09-AA4E-C6165729A95C}.Release|x64.Build.0 = Release|Any CPU
		{2EE50848-F729-4D09-AA4E-C6165729A95C}.Release|x86.ActiveCfg = Release|Any CPU
		{2EE50848-F729-4D09-AA4E-C6165729A95C}.Release|x86.Build.0 = Release|Any CPU
	EndGlobalSection
	GlobalSection(SolutionProperties) = preSolution
		HideSolutionNode = FALSE
	EndGlobalSection
	GlobalSection(NestedProjects) = preSolution
		{7B5B9BC3-F96A-4771-A516-08750F17E42C} = {827E0CD3-B72D-47B6-A68D-7590B98EB39B}
		{2E9E74B0-4F0E-40C0-8EE1-0E30F82143B3} = {827E0CD3-B72D-47B6-A68D-7590B98EB39B}
		{E7F0B3D6-D00E-441D-86E3-736812E712C8} = {827E0CD3-B72D-47B6-A68D-7590B98EB39B}
		{7C7D8775-E2C8-4ECB-99C4-E1319CDEAE45} = {827E0CD3-B72D-47B6-A68D-7590B98EB39B}
		{7821DDE8-EDAF-47E0-86B4-5D1DEB298EE5} = {827E0CD3-B72D-47B6-A68D-7590B98EB39B}
		{D3CD097B-E04B-49CF-8754-76D914832134} = {0AB3BF05-4346-4AA6-1389-037BE0695223}
		{2EE50848-F729-4D09-AA4E-C6165729A95C} = {827E0CD3-B72D-47B6-A68D-7590B98EB39B}
	EndGlobalSection
EndGlobal
